PODS:
  - SlideMenuControllerSwift (4.0.0)

DEPENDENCIES:
  - SlideMenuControllerSwift

SPEC REPOS:
  https://github.com/cocoapods/specs.git:
    - SlideMenuControllerSwift

SPEC CHECKSUMS:
  SlideMenuControllerSwift: 021d6318201c53d4d4d3710517d43d6c556c7dd0

PODFILE CHECKSUM: ce019fb37706b59b6b52a22c6fea06fbc406d532

COCOAPODS: 1.5.3
